
Microsoft Visual Studio Solution File, Format Version 12.00
# Visual Studio Version 17
VisualStudioVersion = 17.9.34728.123
MinimumVisualStudioVersion = 10.0.40219.1
Project("{FAE04EC0-301F-11D3-BF4B-00C04F79EFBC}") = "Odata_Demo", "Odata_Demo\Odata_Demo.csproj", "{4DDBF30D-4FB7-4BCE-9D46-718E1D5D952C}"
EndProject
Project("{FAE04EC0-301F-11D3-BF4B-00C04F79EFBC}") = "Repository", "Repository\Repository.csproj", "{F5911FA5-F8A5-4342-9794-9CCCE259C318}"
EndProject
Global
	GlobalSection(SolutionConfigurationPlatforms) = preSolution
		Debug|Any CPU = Debug|Any CPU
		Release|Any CPU = Release|Any CPU
	EndGlobalSection
	GlobalSection(ProjectConfigurationPlatforms) = postSolution
		{4DDBF30D-4FB7-4BCE-9D46-718E1D5D952C}.Debug|Any CPU.ActiveCfg = Debug|Any CPU
		{4DDBF30D-4FB7-4BCE-9D46-718E1D5D952C}.Debug|Any CPU.Build.0 = Debug|Any CPU
		{4DDBF30D-4FB7-4BCE-9D46-718E1D5D952C}.Release|Any CPU.ActiveCfg = Release|Any CPU
		{4DDBF30D-4FB7-4BCE-9D46-718E1D5D952C}.Release|Any CPU.Build.0 = Release|Any CPU
		{F5911FA5-F8A5-4342-9794-9CCCE259C318}.Debug|Any CPU.ActiveCfg = Debug|Any CPU
		{F5911FA5-F8A5-4342-9794-9CCCE259C318}.Debug|Any CPU.Build.0 = Debug|Any CPU
		{F5911FA5-F8A5-4342-9794-9CCCE259C318}.Release|Any CPU.ActiveCfg = Release|Any CPU
		{F5911FA5-F8A5-4342-9794-9CCCE259C318}.Release|Any CPU.Build.0 = Release|Any CPU
	EndGlobalSection
	GlobalSection(SolutionProperties) = preSolution
		HideSolutionNode = FALSE
	EndGlobalSection
	GlobalSection(ExtensibilityGlobals) = postSolution
		SolutionGuid = {DA74517C-DF2D-4702-A712-878D7AAA66B3}
	EndGlobalSection
EndGlobal
